# This file is generated by running "yarn install" inside your project.
# Manual changes might be lost - proceed with caution!

__metadata:
  version: 8
  cacheKey: 10c0

"@shopify/react-native-skia@npm:^2.3.7":
  version: 2.3.7
  resolution: "@shopify/react-native-skia@npm:2.3.7"
  dependencies:
    canvaskit-wasm: "npm:0.40.0"
    react-reconciler: "npm:0.31.0"
  peerDependencies:
    react: ">=19.0"
    react-native: ">=0.78"
    react-native-reanimated: ">=3.19.1"
  peerDependenciesMeta:
    react-native:
      optional: true
    react-native-reanimated:
      optional: true
  bin:
    setup-skia-web: scripts/setup-canvaskit.js
  checksum: 10c0/2e49613f498eb09bebf00fc389def71c38066ec6c1533824aa2d4ce82ca47053b3e91adac33883ef1dc8f568ad549fea5b52f43dc224cdc68d36f135e75c5f49
  languageName: node
  linkType: hard

"@webgpu/types@npm:0.1.21":
  version: 0.1.21
  resolution: "@webgpu/types@npm:0.1.21"
  checksum: 10c0/74de9683b70064aeadcdd31381747650b323e7e2183fb38f90a35f1a79f80ad267c0a2ee5010c264befb3d31ad213dbdffa04897e2808f6b04feff8d66bc53e0
  languageName: node
  linkType: hard

"Spendor@workspace:.":
  version: 0.0.0-use.local
  resolution: "Spendor@workspace:."
  dependencies:
    "@shopify/react-native-skia": "npm:^2.3.7"
  languageName: unknown
  linkType: soft

"canvaskit-wasm@npm:0.40.0":
  version: 0.40.0
  resolution: "canvaskit-wasm@npm:0.40.0"
  dependencies:
    "@webgpu/types": "npm:0.1.21"
  checksum: 10c0/dde817c0ef979a67afad4ac3adf31c03133af2592efec17f715a98508fdf801104fbf05af29723fb39b4d8b2798ce5306bb3cb5c062209d9d90a750430f3361d
  languageName: node
  linkType: hard

"react-reconciler@npm:0.31.0":
  version: 0.31.0
  resolution: "react-reconciler@npm:0.31.0"
  dependencies:
    scheduler: "npm:^0.25.0"
  peerDependencies:
    react: ^19.0.0
  checksum: 10c0/97920e1866c7206e200c3920c133c2e85f62a3c54fd9bc4b83c10c558d83d98eb378caab4fe37498e0cc1b1b2665d898627f2ae2537b29c8ab295ec8abc0c580
  languageName: node
  linkType: hard

"scheduler@npm:^0.25.0":
  version: 0.25.0
  resolution: "scheduler@npm:0.25.0"
  checksum: 10c0/a4bb1da406b613ce72c1299db43759526058fdcc413999c3c3e0db8956df7633acf395cb20eb2303b6a65d658d66b6585d344460abaee8080b4aa931f10eaafe
  languageName: node
  linkType: hard
